
Microsoft Visual Studio Solution File, Format Version 12.00
# Visual Studio 15
VisualStudioVersion = 15.0.27703.2035
MinimumVisualStudioVersion = 10.0.40219.1
Project("{8BC9CEB8-8B4A-11D0-8D11-00A0C91BC942}") = "CPP_CLI", "CPP_CLI\CPP_CLI.vcxproj", "{24ED1CE2-92B5-4280-86E1-EBF61520B584}"
EndProject
Project("{8BC9CEB8-8B4A-11D0-8D11-00A0C91BC942}") = "CPP_WRAPPER", "CPP_WRAPPER\CPP_WRAPPER.vcxproj", "{35D4FC3A-726E-4030-9B7E-0AB802D07C85}"
EndProject
Project("{FAE04EC0-301F-11D3-BF4B-00C04F79EFBC}") = "CSharp_CLI", "CSharp_CLI\CSharp_CLI.csproj", "{08D468C6-AB25-4362-BCDA-8AA370E5B31C}"
EndProject
Project("{FAE04EC0-301F-11D3-BF4B-00C04F79EFBC}") = "WPF_CLI", "WpfApp1\WPF_CLI.csproj", "{1ACCE79F-6328-462E-9F3B-0724770BBB66}"
EndProject
Global
	GlobalSection(SolutionConfigurationPlatforms) = preSolution
		Debug|Any CPU = Debug|Any CPU
		Debug|x64 = Debug|x64
		Debug|x86 = Debug|x86
		Release|Any CPU = Release|Any CPU
		Release|x64 = Release|x64
		Release|x86 = Release|x86
	EndGlobalSection
	GlobalSection(ProjectConfigurationPlatforms) = postSolution
		{24ED1CE2-92B5-4280-86E1-EBF61520B584}.Debug|Any CPU.ActiveCfg = Debug|Win32
		{24ED1CE2-92B5-4280-86E1-EBF61520B584}.Debug|x64.ActiveCfg = Debug|Win32
		{24ED1CE2-92B5-4280-86E1-EBF61520B584}.Debug|x64.Build.0 = Debug|x64
		{24ED1CE2-92B5-4280-86E1-EBF61520B584}.Debug|x86.ActiveCfg = Debug|Win32
		{24ED1CE2-92B5-4280-86E1-EBF61520B584}.Debug|x86.Build.0 = Debug|Win32
		{24ED1CE2-92B5-4280-86E1-EBF61520B584}.Release|Any CPU.ActiveCfg = Release|Win32
		{24ED1CE2-92B5-4280-86E1-EBF61520B584}.Release|x64.ActiveCfg = Release|x64
		{24ED1CE2-92B5-4280-86E1-EBF61520B584}.Release|x64.Build.0 = Release|x64
		{24ED1CE2-92B5-4280-86E1-EBF61520B584}.Release|x86.ActiveCfg = Release|Win32
		{24ED1CE2-92B5-4280-86E1-EBF61520B584}.Release|x86.Build.0 = Release|Win32
		{35D4FC3A-726E-4030-9B7E-0AB802D07C85}.Debug|Any CPU.ActiveCfg = Debug|Win32
		{35D4FC3A-726E-4030-9B7E-0AB802D07C85}.Debug|x64.ActiveCfg = Debug|Win32
		{35D4FC3A-726E-4030-9B7E-0AB802D07C85}.Debug|x64.Build.0 = Debug|x64
		{35D4FC3A-726E-4030-9B7E-0AB802D07C85}.Debug|x86.ActiveCfg = Debug|Win32
		{35D4FC3A-726E-4030-9B7E-0AB802D07C85}.Debug|x86.Build.0 = Debug|Win32
		{35D4FC3A-726E-4030-9B7E-0AB802D07C85}.Release|Any CPU.ActiveCfg = Release|Win32
		{35D4FC3A-726E-4030-9B7E-0AB802D07C85}.Release|x64.ActiveCfg = Release|x64
		{35D4FC3A-726E-4030-9B7E-0AB802D07C85}.Release|x64.Build.0 = Release|x64
		{35D4FC3A-726E-4030-9B7E-0AB802D07C85}.Release|x86.ActiveCfg = Release|Win32
		{35D4FC3A-726E-4030-9B7E-0AB802D07C85}.Release|x86.Build.0 = Release|Win32
		{08D468C6-AB25-4362-BCDA-8AA370E5B31C}.Debug|Any CPU.ActiveCfg = Debug|x86
		{08D468C6-AB25-4362-BCDA-8AA370E5B31C}.Debug|Any CPU.Build.0 = Debug|x86
		{08D468C6-AB25-4362-BCDA-8AA370E5B31C}.Debug|x64.ActiveCfg = Debug|x86
		{08D468C6-AB25-4362-BCDA-8AA370E5B31C}.Debug|x64.Build.0 = Debug|x86
		{08D468C6-AB25-4362-BCDA-8AA370E5B31C}.Debug|x86.ActiveCfg = Debug|x86
		{08D468C6-AB25-4362-BCDA-8AA370E5B31C}.Debug|x86.Build.0 = Debug|x86
		{08D468C6-AB25-4362-BCDA-8AA370E5B31C}.Release|Any CPU.ActiveCfg = Release|Any CPU
		{08D468C6-AB25-4362-BCDA-8AA370E5B31C}.Release|Any CPU.Build.0 = Release|Any CPU
		{08D468C6-AB25-4362-BCDA-8AA370E5B31C}.Release|x64.ActiveCfg = Release|Any CPU
		{08D468C6-AB25-4362-BCDA-8AA370E5B31C}.Release|x64.Build.0 = Release|Any CPU
		{08D468C6-AB25-4362-BCDA-8AA370E5B31C}.Release|x86.ActiveCfg = Release|Any CPU
		{08D468C6-AB25-4362-BCDA-8AA370E5B31C}.Release|x86.Build.0 = Release|Any CPU
		{1ACCE79F-6328-462E-9F3B-0724770BBB66}.Debug|Any CPU.ActiveCfg = Debug|Any CPU
		{1ACCE79F-6328-462E-9F3B-0724770BBB66}.Debug|Any CPU.Build.0 = Debug|Any CPU
		{1ACCE79F-6328-462E-9F3B-0724770BBB66}.Debug|x64.ActiveCfg = Debug|Any CPU
		{1ACCE79F-6328-462E-9F3B-0724770BBB66}.Debug|x64.Build.0 = Debug|Any CPU
		{1ACCE79F-6328-462E-9F3B-0724770BBB66}.Debug|x86.ActiveCfg = Debug|Any CPU
		{1ACCE79F-6328-462E-9F3B-0724770BBB66}.Debug|x86.Build.0 = Debug|Any CPU
		{1ACCE79F-6328-462E-9F3B-0724770BBB66}.Release|Any CPU.ActiveCfg = Release|Any CPU
		{1ACCE79F-6328-462E-9F3B-0724770BBB66}.Release|Any CPU.Build.0 = Release|Any CPU
		{1ACCE79F-6328-462E-9F3B-0724770BBB66}.Release|x64.ActiveCfg = Release|Any CPU
		{1ACCE79F-6328-462E-9F3B-0724770BBB66}.Release|x64.Build.0 = Release|Any CPU
		{1ACCE79F-6328-462E-9F3B-0724770BBB66}.Release|x86.ActiveCfg = Release|Any CPU
		{1ACCE79F-6328-462E-9F3B-0724770BBB66}.Release|x86.Build.0 = Release|Any CPU
	EndGlobalSection
	GlobalSection(SolutionProperties) = preSolution
		HideSolutionNode = FALSE
	EndGlobalSection
	GlobalSection(ExtensibilityGlobals) = postSolution
		SolutionGuid = {2761F5F9-AB1B-4C12-9D6A-63B60A3ED89F}
	EndGlobalSection
EndGlobal
